
Microsoft Visual Studio Solution File, Format Version 12.00
# Visual Studio Version 16
VisualStudioVersion = 16.0.34601.136
MinimumVisualStudioVersion = 10.0.40219.1
Project("{FAE04EC0-301F-11D3-BF4B-00C04F79EFBC}") = "Shopbanhang", "Shopbanhang\Shopbanhang.csproj", "{D02F6C66-795B-44E6-AC83-F1A2B1D8142E}"
EndProject
Global
	GlobalSection(SolutionConfigurationPlatforms) = preSolution
		Debug|Any CPU = Debug|Any CPU
		Release|Any CPU = Release|Any CPU
	EndGlobalSection
	GlobalSection(ProjectConfigurationPlatforms) = postSolution
		{D02F6C66-795B-44E6-AC83-F1A2B1D8142E}.Debug|Any CPU.ActiveCfg = Debug|Any CPU
		{D02F6C66-795B-44E6-AC83-F1A2B1D8142E}.Debug|Any CPU.Build.0 = Debug|Any CPU
		{D02F6C66-795B-44E6-AC83-F1A2B1D8142E}.Release|Any CPU.ActiveCfg = Release|Any CPU
		{D02F6C66-795B-44E6-AC83-F1A2B1D8142E}.Release|Any CPU.Build.0 = Release|Any CPU
	EndGlobalSection
	GlobalSection(SolutionProperties) = preSolution
		HideSolutionNode = FALSE
	EndGlobalSection
	GlobalSection(ExtensibilityGlobals) = postSolution
		SolutionGuid = {240342BF-DEAC-4F49-93BE-9635EA98BEF0}
	EndGlobalSection
EndGlobal
